
Microsoft Visual Studio Solution File, Format Version 12.00
# Visual Studio Version 16
VisualStudioVersion = 16.0.31702.278
MinimumVisualStudioVersion = 10.0.40219.1
Project("{9A19103F-16F7-4668-BE54-9A1E7A4F7556}") = "MoneyHustler", "MoneyHustler\MoneyHustler.csproj", "{3C8838FD-DF6E-4723-A764-0627103A79E4}"
EndProject
Project("{FAE04EC0-301F-11D3-BF4B-00C04F79EFBC}") = "MoneyHustlerTests", "MoneyHustlerTests\MoneyHustlerTests.csproj", "{44059E31-9A5B-4BD4-AEBE-F130FCC3051D}"
EndProject
Global
	GlobalSection(SolutionConfigurationPlatforms) = preSolution
		Debug|Any CPU = Debug|Any CPU
		Release|Any CPU = Release|Any CPU
	EndGlobalSection
	GlobalSection(ProjectConfigurationPlatforms) = postSolution
		{3C8838FD-DF6E-4723-A764-0627103A79E4}.Debug|Any CPU.ActiveCfg = Debug|Any CPU
		{3C8838FD-DF6E-4723-A764-0627103A79E4}.Debug|Any CPU.Build.0 = Debug|Any CPU
		{3C8838FD-DF6E-4723-A764-0627103A79E4}.Release|Any CPU.ActiveCfg = Release|Any CPU
		{3C8838FD-DF6E-4723-A764-0627103A79E4}.Release|Any CPU.Build.0 = Release|Any CPU
		{44059E31-9A5B-4BD4-AEBE-F130FCC3051D}.Debug|Any CPU.ActiveCfg = Debug|Any CPU
		{44059E31-9A5B-4BD4-AEBE-F130FCC3051D}.Debug|Any CPU.Build.0 = Debug|Any CPU
		{44059E31-9A5B-4BD4-AEBE-F130FCC3051D}.Release|Any CPU.ActiveCfg = Release|Any CPU
		{44059E31-9A5B-4BD4-AEBE-F130FCC3051D}.Release|Any CPU.Build.0 = Release|Any CPU
	EndGlobalSection
	GlobalSection(SolutionProperties) = preSolution
		HideSolutionNode = FALSE
	EndGlobalSection
	GlobalSection(ExtensibilityGlobals) = postSolution
		SolutionGuid = {1A4B1A47-79E9-44A2-9C91-71F1FF40D9F0}
	EndGlobalSection
EndGlobal
